
Microsoft Visual Studio Solution File, Format Version 12.00
# Visual Studio Version 17
VisualStudioVersion = 17.0.31903.59
MinimumVisualStudioVersion = 10.0.40219.1
Project("{2150E333-8FDC-42A3-9474-1A3956D46DE8}") = "src", "src", "{A5DFE139-6FAB-423B-BB5E-4659180ACDC6}"
EndProject
Project("{FAE04EC0-301F-11D3-BF4B-00C04F79EFBC}") = "CleanArchitecture.Course.Project.Domain", "src\CleanArchitecture.Course.Project.Domain\CleanArchitecture.Course.Project.Domain.csproj", "{14ABD6F4-CCA4-4D7C-ABD1-F113136E28DC}"
EndProject
Project("{FAE04EC0-301F-11D3-BF4B-00C04F79EFBC}") = "CleanArchitecture.Course.Project.Application", "src\CleanArchitecture.Course.Project.Application\CleanArchitecture.Course.Project.Application.csproj", "{32290755-2795-48B6-B5A8-1C51F42307D1}"
EndProject
Project("{FAE04EC0-301F-11D3-BF4B-00C04F79EFBC}") = "CleanArchitecture.Course.Project.Infrastructure", "src\CleanArchitecture.Course.Project.Infrastructure\CleanArchitecture.Course.Project.Infrastructure.csproj", "{B38E2107-1FC2-48CE-BA61-5161BA80220C}"
EndProject
Project("{FAE04EC0-301F-11D3-BF4B-00C04F79EFBC}") = "CleanArchitecture.Course.Project.Api", "src\CleanArchitecture.Course.Project.Api\CleanArchitecture.Course.Project.Api.csproj", "{134897C2-AE5B-49ED-945A-2067EAB72B91}"
EndProject
Project("{2150E333-8FDC-42A3-9474-1A3956D46DE8}") = "test", "test", "{912BF36F-AD82-4F26-846F-AE4F3DF49089}"
EndProject
Project("{FAE04EC0-301F-11D3-BF4B-00C04F79EFBC}") = "CleanArchitecture.Course.Project.Domain.UnitTests", "test\CleanArchitecture.Course.Project.Domain.UnitTests\CleanArchitecture.Course.Project.Domain.UnitTests.csproj", "{86E3911F-545C-40F7-A8C6-DC47A4465840}"
EndProject
Global
	GlobalSection(SolutionConfigurationPlatforms) = preSolution
		Debug|Any CPU = Debug|Any CPU
		Release|Any CPU = Release|Any CPU
	EndGlobalSection
	GlobalSection(SolutionProperties) = preSolution
		HideSolutionNode = FALSE
	EndGlobalSection
	GlobalSection(ProjectConfigurationPlatforms) = postSolution
		{14ABD6F4-CCA4-4D7C-ABD1-F113136E28DC}.Debug|Any CPU.ActiveCfg = Debug|Any CPU
		{14ABD6F4-CCA4-4D7C-ABD1-F113136E28DC}.Debug|Any CPU.Build.0 = Debug|Any CPU
		{14ABD6F4-CCA4-4D7C-ABD1-F113136E28DC}.Release|Any CPU.ActiveCfg = Release|Any CPU
		{14ABD6F4-CCA4-4D7C-ABD1-F113136E28DC}.Release|Any CPU.Build.0 = Release|Any CPU
		{32290755-2795-48B6-B5A8-1C51F42307D1}.Debug|Any CPU.ActiveCfg = Debug|Any CPU
		{32290755-2795-48B6-B5A8-1C51F42307D1}.Debug|Any CPU.Build.0 = Debug|Any CPU
		{32290755-2795-48B6-B5A8-1C51F42307D1}.Release|Any CPU.ActiveCfg = Release|Any CPU
		{32290755-2795-48B6-B5A8-1C51F42307D1}.Release|Any CPU.Build.0 = Release|Any CPU
		{B38E2107-1FC2-48CE-BA61-5161BA80220C}.Debug|Any CPU.ActiveCfg = Debug|Any CPU
		{B38E2107-1FC2-48CE-BA61-5161BA80220C}.Debug|Any CPU.Build.0 = Debug|Any CPU
		{B38E2107-1FC2-48CE-BA61-5161BA80220C}.Release|Any CPU.ActiveCfg = Release|Any CPU
		{B38E2107-1FC2-48CE-BA61-5161BA80220C}.Release|Any CPU.Build.0 = Release|Any CPU
		{134897C2-AE5B-49ED-945A-2067EAB72B91}.Debug|Any CPU.ActiveCfg = Debug|Any CPU
		{134897C2-AE5B-49ED-945A-2067EAB72B91}.Debug|Any CPU.Build.0 = Debug|Any CPU
		{134897C2-AE5B-49ED-945A-2067EAB72B91}.Release|Any CPU.ActiveCfg = Release|Any CPU
		{134897C2-AE5B-49ED-945A-2067EAB72B91}.Release|Any CPU.Build.0 = Release|Any CPU
		{86E3911F-545C-40F7-A8C6-DC47A4465840}.Debug|Any CPU.ActiveCfg = Debug|Any CPU
		{86E3911F-545C-40F7-A8C6-DC47A4465840}.Debug|Any CPU.Build.0 = Debug|Any CPU
		{86E3911F-545C-40F7-A8C6-DC47A4465840}.Release|Any CPU.ActiveCfg = Release|Any CPU
		{86E3911F-545C-40F7-A8C6-DC47A4465840}.Release|Any CPU.Build.0 = Release|Any CPU
	EndGlobalSection
	GlobalSection(NestedProjects) = preSolution
		{14ABD6F4-CCA4-4D7C-ABD1-F113136E28DC} = {A5DFE139-6FAB-423B-BB5E-4659180ACDC6}
		{32290755-2795-48B6-B5A8-1C51F42307D1} = {A5DFE139-6FAB-423B-BB5E-4659180ACDC6}
		{B38E2107-1FC2-48CE-BA61-5161BA80220C} = {A5DFE139-6FAB-423B-BB5E-4659180ACDC6}
		{134897C2-AE5B-49ED-945A-2067EAB72B91} = {A5DFE139-6FAB-423B-BB5E-4659180ACDC6}
		{86E3911F-545C-40F7-A8C6-DC47A4465840} = {912BF36F-AD82-4F26-846F-AE4F3DF49089}
	EndGlobalSection
EndGlobal
